{
  "name": "runner",
  "lockfileVersion": 2,
  "requires": true,
  "packages": {
    "": {
      "dependencies": {
        "proc-noise": "^0.0.1"
      }
    },
    "node_modules/alea": {
      "version": "0.0.9",
      "license": "MIT"
    },
    "node_modules/proc-noise": {
      "version": "0.0.1",
      "license": "BSD-2-Clause",
      "dependencies": {
        "alea": "0.0.9"
      },
      "engines": {
        "node": ">= 0.10.0"
      }
    }
  },
  "dependencies": {
    "alea": {
      "version": "0.0.9"
    },
    "proc-noise": {
      "version": "0.0.1",
      "requires": {
        "alea": "0.0.9"
      }
    }
  }
}
